
Microsoft Visual Studio Solution File, Format Version 12.00
# Visual Studio Version 16
VisualStudioVersion = 16.0.31727.386
MinimumVisualStudioVersion = 10.0.40219.1
Project("{8BC9CEB8-8B4A-11D0-8D11-00A0C91BC942}") = "Zadatak1", "ConsoleApplication1\ConsoleApplication1.vcxproj", "{06404547-9706-42E8-AAAE-503E16E834DF}"
EndProject
Project("{8BC9CEB8-8B4A-11D0-8D11-00A0C91BC942}") = "Zadatak2", "Zadatak2\Zadatak2.vcxproj", "{929AB685-CB69-46F4-87A7-9661E7A9ED54}"
EndProject
Project("{8BC9CEB8-8B4A-11D0-8D11-00A0C91BC942}") = "Zadatak3", "Zadatak3\Zadatak3.vcxproj", "{F09AF022-8E75-4D65-B0E2-7B3874B7BE93}"
EndProject
Project("{8BC9CEB8-8B4A-11D0-8D11-00A0C91BC942}") = "Zadatak4", "Zadatak4\Zadatak4.vcxproj", "{18F18847-43F0-40D6-8231-355895760760}"
EndProject
Project("{8BC9CEB8-8B4A-11D0-8D11-00A0C91BC942}") = "Zadatak5", "Zadatak5\Zadatak5.vcxproj", "{32D83DB6-7FC0-4F4E-85B4-DA6FC2BADB5D}"
EndProject
Project("{8BC9CEB8-8B4A-11D0-8D11-00A0C91BC942}") = "Zadatak6", "Zadatak6\Zadatak6.vcxproj", "{0E0D9336-F7A6-4A5B-8AC0-27851270F065}"
EndProject
Project("{8BC9CEB8-8B4A-11D0-8D11-00A0C91BC942}") = "Zadatak7", "Zadatak7\Zadatak7.vcxproj", "{DA30417F-720F-4C65-8A44-B4767600A23B}"
EndProject
Project("{8BC9CEB8-8B4A-11D0-8D11-00A0C91BC942}") = "Zadatak8", "Zadatak8\Zadatak8.vcxproj", "{E89B6C3F-0A66-490C-B2AC-AB4745351E85}"
EndProject
Project("{8BC9CEB8-8B4A-11D0-8D11-00A0C91BC942}") = "Zadatak9", "Zadatak9\Zadatak9.vcxproj", "{B0236D25-2432-46C9-A87E-223E25E42837}"
EndProject
Project("{8BC9CEB8-8B4A-11D0-8D11-00A0C91BC942}") = "Zadatak1_Kol1_Gr1", "Zadatak10\Zadatak10.vcxproj", "{C877E50D-14A3-484B-8DC8-2C2D091A2953}"
EndProject
Project("{8BC9CEB8-8B4A-11D0-8D11-00A0C91BC942}") = "Zadatak11", "Zadatak11\Zadatak11.vcxproj", "{8450CBBB-80D1-47F6-A04E-C1E613B35141}"
EndProject
Project("{8BC9CEB8-8B4A-11D0-8D11-00A0C91BC942}") = "Zadatak10_", "Zadatak10_\Zadatak10_.vcxproj", "{ECD2EFE6-5C9A-4B8B-A076-5252C53E5F19}"
EndProject
Project("{8BC9CEB8-8B4A-11D0-8D11-00A0C91BC942}") = "Zadatak2_Kol1_Gr1", "Zadatak2KOL\Zadatak2KOL.vcxproj", "{531A5DF8-50F3-442C-9CCD-8FB1783B76B3}"
EndProject
Project("{8BC9CEB8-8B4A-11D0-8D11-00A0C91BC942}") = "Zadatak1_Kol1_Gr2", "Zadatak1_Kol1_Gr2\Zadatak1_Kol1_Gr2.vcxproj", "{291B356C-EC7F-472D-8E1E-54E1E0A47CE0}"
EndProject
Project("{8BC9CEB8-8B4A-11D0-8D11-00A0C91BC942}") = "Zadatak2_Kol1_Gr2", "Zadatak2_Kol1_Gr2\Zadatak2_Kol1_Gr2.vcxproj", "{9969C933-3FD1-4E94-A90B-A4E5212F3918}"
EndProject
Global
	GlobalSection(SolutionConfigurationPlatforms) = preSolution
		Debug|x64 = Debug|x64
		Debug|x86 = Debug|x86
		Release|x64 = Release|x64
		Release|x86 = Release|x86
	EndGlobalSection
	GlobalSection(ProjectConfigurationPlatforms) = postSolution
		{06404547-9706-42E8-AAAE-503E16E834DF}.Debug|x64.ActiveCfg = Debug|x64
		{06404547-9706-42E8-AAAE-503E16E834DF}.Debug|x64.Build.0 = Debug|x64
		{06404547-9706-42E8-AAAE-503E16E834DF}.Debug|x86.ActiveCfg = Debug|Win32
		{06404547-9706-42E8-AAAE-503E16E834DF}.Debug|x86.Build.0 = Debug|Win32
		{06404547-9706-42E8-AAAE-503E16E834DF}.Release|x64.ActiveCfg = Release|x64
		{06404547-9706-42E8-AAAE-503E16E834DF}.Release|x64.Build.0 = Release|x64
		{06404547-9706-42E8-AAAE-503E16E834DF}.Release|x86.ActiveCfg = Release|Win32
		{06404547-9706-42E8-AAAE-503E16E834DF}.Release|x86.Build.0 = Release|Win32
		{929AB685-CB69-46F4-87A7-9661E7A9ED54}.Debug|x64.ActiveCfg = Debug|x64
		{929AB685-CB69-46F4-87A7-9661E7A9ED54}.Debug|x64.Build.0 = Debug|x64
		{929AB685-CB69-46F4-87A7-9661E7A9ED54}.Debug|x86.ActiveCfg = Debug|Win32
		{929AB685-CB69-46F4-87A7-9661E7A9ED54}.Debug|x86.Build.0 = Debug|Win32
		{929AB685-CB69-46F4-87A7-9661E7A9ED54}.Release|x64.ActiveCfg = Release|x64
		{929AB685-CB69-46F4-87A7-9661E7A9ED54}.Release|x64.Build.0 = Release|x64
		{929AB685-CB69-46F4-87A7-9661E7A9ED54}.Release|x86.ActiveCfg = Release|Win32
		{929AB685-CB69-46F4-87A7-9661E7A9ED54}.Release|x86.Build.0 = Release|Win32
		{F09AF022-8E75-4D65-B0E2-7B3874B7BE93}.Debug|x64.ActiveCfg = Debug|x64
		{F09AF022-8E75-4D65-B0E2-7B3874B7BE93}.Debug|x64.Build.0 = Debug|x64
		{F09AF022-8E75-4D65-B0E2-7B3874B7BE93}.Debug|x86.ActiveCfg = Debug|Win32
		{F09AF022-8E75-4D65-B0E2-7B3874B7BE93}.Debug|x86.Build.0 = Debug|Win32
		{F09AF022-8E75-4D65-B0E2-7B3874B7BE93}.Release|x64.ActiveCfg = Release|x64
		{F09AF022-8E75-4D65-B0E2-7B3874B7BE93}.Release|x64.Build.0 = Release|x64
		{F09AF022-8E75-4D65-B0E2-7B3874B7BE93}.Release|x86.ActiveCfg = Release|Win32
		{F09AF022-8E75-4D65-B0E2-7B3874B7BE93}.Release|x86.Build.0 = Release|Win32
		{18F18847-43F0-40D6-8231-355895760760}.Debug|x64.ActiveCfg = Debug|x64
		{18F18847-43F0-40D6-8231-355895760760}.Debug|x64.Build.0 = Debug|x64
		{18F18847-43F0-40D6-8231-355895760760}.Debug|x86.ActiveCfg = Debug|Win32
		{18F18847-43F0-40D6-8231-355895760760}.Debug|x86.Build.0 = Debug|Win32
		{18F18847-43F0-40D6-8231-355895760760}.Release|x64.ActiveCfg = Release|x64
		{18F18847-43F0-40D6-8231-355895760760}.Release|x64.Build.0 = Release|x64
		{18F18847-43F0-40D6-8231-355895760760}.Release|x86.ActiveCfg = Release|Win32
		{18F18847-43F0-40D6-8231-355895760760}.Release|x86.Build.0 = Release|Win32
		{32D83DB6-7FC0-4F4E-85B4-DA6FC2BADB5D}.Debug|x64.ActiveCfg = Debug|x64
		{32D83DB6-7FC0-4F4E-85B4-DA6FC2BADB5D}.Debug|x64.Build.0 = Debug|x64
		{32D83DB6-7FC0-4F4E-85B4-DA6FC2BADB5D}.Debug|x86.ActiveCfg = Debug|Win32
		{32D83DB6-7FC0-4F4E-85B4-DA6FC2BADB5D}.Debug|x86.Build.0 = Debug|Win32
		{32D83DB6-7FC0-4F4E-85B4-DA6FC2BADB5D}.Release|x64.ActiveCfg = Release|x64
		{32D83DB6-7FC0-4F4E-85B4-DA6FC2BADB5D}.Release|x64.Build.0 = Release|x64
		{32D83DB6-7FC0-4F4E-85B4-DA6FC2BADB5D}.Release|x86.ActiveCfg = Release|Win32
		{32D83DB6-7FC0-4F4E-85B4-DA6FC2BADB5D}.Release|x86.Build.0 = Release|Win32
		{0E0D9336-F7A6-4A5B-8AC0-27851270F065}.Debug|x64.ActiveCfg = Debug|x64
		{0E0D9336-F7A6-4A5B-8AC0-27851270F065}.Debug|x64.Build.0 = Debug|x64
		{0E0D9336-F7A6-4A5B-8AC0-27851270F065}.Debug|x86.ActiveCfg = Debug|Win32
		{0E0D9336-F7A6-4A5B-8AC0-27851270F065}.Debug|x86.Build.0 = Debug|Win32
		{0E0D9336-F7A6-4A5B-8AC0-27851270F065}.Release|x64.ActiveCfg = Release|x64
		{0E0D9336-F7A6-4A5B-8AC0-27851270F065}.Release|x64.Build.0 = Release|x64
		{0E0D9336-F7A6-4A5B-8AC0-27851270F065}.Release|x86.ActiveCfg = Release|Win32
		{0E0D9336-F7A6-4A5B-8AC0-27851270F065}.Release|x86.Build.0 = Release|Win32
		{DA30417F-720F-4C65-8A44-B4767600A23B}.Debug|x64.ActiveCfg = Debug|x64
		{DA30417F-720F-4C65-8A44-B4767600A23B}.Debug|x64.Build.0 = Debug|x64
		{DA30417F-720F-4C65-8A44-B4767600A23B}.Debug|x86.ActiveCfg = Debug|Win32
		{DA30417F-720F-4C65-8A44-B4767600A23B}.Debug|x86.Build.0 = Debug|Win32
		{DA30417F-720F-4C65-8A44-B4767600A23B}.Release|x64.ActiveCfg = Release|x64
		{DA30417F-720F-4C65-8A44-B4767600A23B}.Release|x64.Build.0 = Release|x64
		{DA30417F-720F-4C65-8A44-B4767600A23B}.Release|x86.ActiveCfg = Release|Win32
		{DA30417F-720F-4C65-8A44-B4767600A23B}.Release|x86.Build.0 = Release|Win32
		{E89B6C3F-0A66-490C-B2AC-AB4745351E85}.Debug|x64.ActiveCfg = Debug|x64
		{E89B6C3F-0A66-490C-B2AC-AB4745351E85}.Debug|x64.Build.0 = Debug|x64
		{E89B6C3F-0A66-490C-B2AC-AB4745351E85}.Debug|x86.ActiveCfg = Debug|Win32
		{E89B6C3F-0A66-490C-B2AC-AB4745351E85}.Debug|x86.Build.0 = Debug|Win32
		{E89B6C3F-0A66-490C-B2AC-AB4745351E85}.Release|x64.ActiveCfg = Release|x64
		{E89B6C3F-0A66-490C-B2AC-AB4745351E85}.Release|x64.Build.0 = Release|x64
		{E89B6C3F-0A66-490C-B2AC-AB4745351E85}.Release|x86.ActiveCfg = Release|Win32
		{E89B6C3F-0A66-490C-B2AC-AB4745351E85}.Release|x86.Build.0 = Release|Win32
		{B0236D25-2432-46C9-A87E-223E25E42837}.Debug|x64.ActiveCfg = Debug|x64
		{B0236D25-2432-46C9-A87E-223E25E42837}.Debug|x64.Build.0 = Debug|x64
		{B0236D25-2432-46C9-A87E-223E25E42837}.Debug|x86.ActiveCfg = Debug|Win32
		{B0236D25-2432-46C9-A87E-223E25E42837}.Debug|x86.Build.0 = Debug|Win32
		{B0236D25-2432-46C9-A87E-223E25E42837}.Release|x64.ActiveCfg = Release|x64
		{B0236D25-2432-46C9-A87E-223E25E42837}.Release|x64.Build.0 = Release|x64
		{B0236D25-2432-46C9-A87E-223E25E42837}.Release|x86.ActiveCfg = Release|Win32
		{B0236D25-2432-46C9-A87E-223E25E42837}.Release|x86.Build.0 = Release|Win32
		{C877E50D-14A3-484B-8DC8-2C2D091A2953}.Debug|x64.ActiveCfg = Debug|x64
		{C877E50D-14A3-484B-8DC8-2C2D091A2953}.Debug|x64.Build.0 = Debug|x64
		{C877E50D-14A3-484B-8DC8-2C2D091A2953}.Debug|x86.ActiveCfg = Debug|Win32
		{C877E50D-14A3-484B-8DC8-2C2D091A2953}.Debug|x86.Build.0 = Debug|Win32
		{C877E50D-14A3-484B-8DC8-2C2D091A2953}.Release|x64.ActiveCfg = Release|x64
		{C877E50D-14A3-484B-8DC8-2C2D091A2953}.Release|x64.Build.0 = Release|x64
		{C877E50D-14A3-484B-8DC8-2C2D091A2953}.Release|x86.ActiveCfg = Release|Win32
		{C877E50D-14A3-484B-8DC8-2C2D091A2953}.Release|x86.Build.0 = Release|Win32
		{8450CBBB-80D1-47F6-A04E-C1E613B35141}.Debug|x64.ActiveCfg = Debug|x64
		{8450CBBB-80D1-47F6-A04E-C1E613B35141}.Debug|x64.Build.0 = Debug|x64
		{8450CBBB-80D1-47F6-A04E-C1E613B35141}.Debug|x86.ActiveCfg = Debug|Win32
		{8450CBBB-80D1-47F6-A04E-C1E613B35141}.Debug|x86.Build.0 = Debug|Win32
		{8450CBBB-80D1-47F6-A04E-C1E613B35141}.Release|x64.ActiveCfg = Release|x64
		{8450CBBB-80D1-47F6-A04E-C1E613B35141}.Release|x64.Build.0 = Release|x64
		{8450CBBB-80D1-47F6-A04E-C1E613B35141}.Release|x86.ActiveCfg = Release|Win32
		{8450CBBB-80D1-47F6-A04E-C1E613B35141}.Release|x86.Build.0 = Release|Win32
		{ECD2EFE6-5C9A-4B8B-A076-5252C53E5F19}.Debug|x64.ActiveCfg = Debug|x64
		{ECD2EFE6-5C9A-4B8B-A076-5252C53E5F19}.Debug|x64.Build.0 = Debug|x64
		{ECD2EFE6-5C9A-4B8B-A076-5252C53E5F19}.Debug|x86.ActiveCfg = Debug|Win32
		{ECD2EFE6-5C9A-4B8B-A076-5252C53E5F19}.Debug|x86.Build.0 = Debug|Win32
		{ECD2EFE6-5C9A-4B8B-A076-5252C53E5F19}.Release|x64.ActiveCfg = Release|x64
		{ECD2EFE6-5C9A-4B8B-A076-5252C53E5F19}.Release|x64.Build.0 = Release|x64
		{ECD2EFE6-5C9A-4B8B-A076-5252C53E5F19}.Release|x86.ActiveCfg = Release|Win32
		{ECD2EFE6-5C9A-4B8B-A076-5252C53E5F19}.Release|x86.Build.0 = Release|Win32
		{531A5DF8-50F3-442C-9CCD-8FB1783B76B3}.Debug|x64.ActiveCfg = Debug|x64
		{531A5DF8-50F3-442C-9CCD-8FB1783B76B3}.Debug|x64.Build.0 = Debug|x64
		{531A5DF8-50F3-442C-9CCD-8FB1783B76B3}.Debug|x86.ActiveCfg = Debug|Win32
		{531A5DF8-50F3-442C-9CCD-8FB1783B76B3}.Debug|x86.Build.0 = Debug|Win32
		{531A5DF8-50F3-442C-9CCD-8FB1783B76B3}.Release|x64.ActiveCfg = Release|x64
		{531A5DF8-50F3-442C-9CCD-8FB1783B76B3}.Release|x64.Build.0 = Release|x64
		{531A5DF8-50F3-442C-9CCD-8FB1783B76B3}.Release|x86.ActiveCfg = Release|Win32
		{531A5DF8-50F3-442C-9CCD-8FB1783B76B3}.Release|x86.Build.0 = Release|Win32
		{291B356C-EC7F-472D-8E1E-54E1E0A47CE0}.Debug|x64.ActiveCfg = Debug|x64
		{291B356C-EC7F-472D-8E1E-54E1E0A47CE0}.Debug|x64.Build.0 = Debug|x64
		{291B356C-EC7F-472D-8E1E-54E1E0A47CE0}.Debug|x86.ActiveCfg = Debug|Win32
		{291B356C-EC7F-472D-8E1E-54E1E0A47CE0}.Debug|x86.Build.0 = Debug|Win32
		{291B356C-EC7F-472D-8E1E-54E1E0A47CE0}.Release|x64.ActiveCfg = Release|x64
		{291B356C-EC7F-472D-8E1E-54E1E0A47CE0}.Release|x64.Build.0 = Release|x64
		{291B356C-EC7F-472D-8E1E-54E1E0A47CE0}.Release|x86.ActiveCfg = Release|Win32
		{291B356C-EC7F-472D-8E1E-54E1E0A47CE0}.Release|x86.Build.0 = Release|Win32
		{9969C933-3FD1-4E94-A90B-A4E5212F3918}.Debug|x64.ActiveCfg = Debug|x64
		{9969C933-3FD1-4E94-A90B-A4E5212F3918}.Debug|x64.Build.0 = Debug|x64
		{9969C933-3FD1-4E94-A90B-A4E5212F3918}.Debug|x86.ActiveCfg = Debug|Win32
		{9969C933-3FD1-4E94-A90B-A4E5212F3918}.Debug|x86.Build.0 = Debug|Win32
		{9969C933-3FD1-4E94-A90B-A4E5212F3918}.Release|x64.ActiveCfg = Release|x64
		{9969C933-3FD1-4E94-A90B-A4E5212F3918}.Release|x64.Build.0 = Release|x64
		{9969C933-3FD1-4E94-A90B-A4E5212F3918}.Release|x86.ActiveCfg = Release|Win32
		{9969C933-3FD1-4E94-A90B-A4E5212F3918}.Release|x86.Build.0 = Release|Win32
	EndGlobalSection
	GlobalSection(SolutionProperties) = preSolution
		HideSolutionNode = FALSE
	EndGlobalSection
	GlobalSection(ExtensibilityGlobals) = postSolution
		SolutionGuid = {60CA6E33-D816-4D0F-B248-D55FA72A56E5}
	EndGlobalSection
EndGlobal
