
Microsoft Visual Studio Solution File, Format Version 12.00
# Visual Studio Version 16
VisualStudioVersion = 16.0.31727.386
MinimumVisualStudioVersion = 10.0.40219.1
Project("{8BC9CEB8-8B4A-11D0-8D11-00A0C91BC942}") = "Zadatak18", "Zadatak18\Zadatak18.vcxproj", "{50ADCC33-BC21-4DB0-B437-64628A1EE144}"
EndProject
Project("{8BC9CEB8-8B4A-11D0-8D11-00A0C91BC942}") = "Zadatak19", "Zadatak19\Zadatak19.vcxproj", "{3BD4B1F9-6131-4F7E-9677-615AA20C1F86}"
EndProject
Project("{8BC9CEB8-8B4A-11D0-8D11-00A0C91BC942}") = "Zadatak20", "Zadatak20\Zadatak20.vcxproj", "{E98AD47A-1C48-447F-9890-033C94218CDD}"
EndProject
Project("{8BC9CEB8-8B4A-11D0-8D11-00A0C91BC942}") = "Zadatak21", "Zadatak21\Zadatak21.vcxproj", "{645B48D4-CFC8-4BDD-9E6B-B0EF2734ACC1}"
EndProject
Project("{8BC9CEB8-8B4A-11D0-8D11-00A0C91BC942}") = "Zadatak22", "Zadatak22\Zadatak22.vcxproj", "{327AC3CA-DDCB-4D8F-90BD-F44ED2AF2A1A}"
EndProject
Project("{8BC9CEB8-8B4A-11D0-8D11-00A0C91BC942}") = "Zadatak23", "Zadatak23\Zadatak23.vcxproj", "{06DCBBA9-CD76-45AF-88EA-9262774EDB61}"
EndProject
Project("{8BC9CEB8-8B4A-11D0-8D11-00A0C91BC942}") = "Zadatak24", "Zadatak24\Zadatak24.vcxproj", "{1A441BBA-0D44-4DC4-B977-C44B6079C9EF}"
EndProject
Project("{8BC9CEB8-8B4A-11D0-8D11-00A0C91BC942}") = "Zadatak25", "Zadatak25\Zadatak25.vcxproj", "{97985455-0200-4847-9869-F923AFFF3E25}"
EndProject
Project("{8BC9CEB8-8B4A-11D0-8D11-00A0C91BC942}") = "Zadatak26", "Zadatak26\Zadatak26.vcxproj", "{588048A2-38AE-4078-BCC7-E586289E54C1}"
EndProject
Project("{8BC9CEB8-8B4A-11D0-8D11-00A0C91BC942}") = "Zadatak27", "Zadatak27\Zadatak27.vcxproj", "{31BAB746-899F-4D66-B436-67ABD97C4003}"
EndProject
Project("{8BC9CEB8-8B4A-11D0-8D11-00A0C91BC942}") = "Zadatak28", "Zadatak28\Zadatak28.vcxproj", "{DE73DBBF-5C54-4CA3-BE2D-BBCE1382268E}"
EndProject
Global
	GlobalSection(SolutionConfigurationPlatforms) = preSolution
		Debug|x64 = Debug|x64
		Debug|x86 = Debug|x86
		Release|x64 = Release|x64
		Release|x86 = Release|x86
	EndGlobalSection
	GlobalSection(ProjectConfigurationPlatforms) = postSolution
		{50ADCC33-BC21-4DB0-B437-64628A1EE144}.Debug|x64.ActiveCfg = Debug|x64
		{50ADCC33-BC21-4DB0-B437-64628A1EE144}.Debug|x64.Build.0 = Debug|x64
		{50ADCC33-BC21-4DB0-B437-64628A1EE144}.Debug|x86.ActiveCfg = Debug|Win32
		{50ADCC33-BC21-4DB0-B437-64628A1EE144}.Debug|x86.Build.0 = Debug|Win32
		{50ADCC33-BC21-4DB0-B437-64628A1EE144}.Release|x64.ActiveCfg = Release|x64
		{50ADCC33-BC21-4DB0-B437-64628A1EE144}.Release|x64.Build.0 = Release|x64
		{50ADCC33-BC21-4DB0-B437-64628A1EE144}.Release|x86.ActiveCfg = Release|Win32
		{50ADCC33-BC21-4DB0-B437-64628A1EE144}.Release|x86.Build.0 = Release|Win32
		{3BD4B1F9-6131-4F7E-9677-615AA20C1F86}.Debug|x64.ActiveCfg = Debug|x64
		{3BD4B1F9-6131-4F7E-9677-615AA20C1F86}.Debug|x64.Build.0 = Debug|x64
		{3BD4B1F9-6131-4F7E-9677-615AA20C1F86}.Debug|x86.ActiveCfg = Debug|Win32
		{3BD4B1F9-6131-4F7E-9677-615AA20C1F86}.Debug|x86.Build.0 = Debug|Win32
		{3BD4B1F9-6131-4F7E-9677-615AA20C1F86}.Release|x64.ActiveCfg = Release|x64
		{3BD4B1F9-6131-4F7E-9677-615AA20C1F86}.Release|x64.Build.0 = Release|x64
		{3BD4B1F9-6131-4F7E-9677-615AA20C1F86}.Release|x86.ActiveCfg = Release|Win32
		{3BD4B1F9-6131-4F7E-9677-615AA20C1F86}.Release|x86.Build.0 = Release|Win32
		{E98AD47A-1C48-447F-9890-033C94218CDD}.Debug|x64.ActiveCfg = Debug|x64
		{E98AD47A-1C48-447F-9890-033C94218CDD}.Debug|x64.Build.0 = Debug|x64
		{E98AD47A-1C48-447F-9890-033C94218CDD}.Debug|x86.ActiveCfg = Debug|Win32
		{E98AD47A-1C48-447F-9890-033C94218CDD}.Debug|x86.Build.0 = Debug|Win32
		{E98AD47A-1C48-447F-9890-033C94218CDD}.Release|x64.ActiveCfg = Release|x64
		{E98AD47A-1C48-447F-9890-033C94218CDD}.Release|x64.Build.0 = Release|x64
		{E98AD47A-1C48-447F-9890-033C94218CDD}.Release|x86.ActiveCfg = Release|Win32
		{E98AD47A-1C48-447F-9890-033C94218CDD}.Release|x86.Build.0 = Release|Win32
		{645B48D4-CFC8-4BDD-9E6B-B0EF2734ACC1}.Debug|x64.ActiveCfg = Debug|x64
		{645B48D4-CFC8-4BDD-9E6B-B0EF2734ACC1}.Debug|x64.Build.0 = Debug|x64
		{645B48D4-CFC8-4BDD-9E6B-B0EF2734ACC1}.Debug|x86.ActiveCfg = Debug|Win32
		{645B48D4-CFC8-4BDD-9E6B-B0EF2734ACC1}.Debug|x86.Build.0 = Debug|Win32
		{645B48D4-CFC8-4BDD-9E6B-B0EF2734ACC1}.Release|x64.ActiveCfg = Release|x64
		{645B48D4-CFC8-4BDD-9E6B-B0EF2734ACC1}.Release|x64.Build.0 = Release|x64
		{645B48D4-CFC8-4BDD-9E6B-B0EF2734ACC1}.Release|x86.ActiveCfg = Release|Win32
		{645B48D4-CFC8-4BDD-9E6B-B0EF2734ACC1}.Release|x86.Build.0 = Release|Win32
		{327AC3CA-DDCB-4D8F-90BD-F44ED2AF2A1A}.Debug|x64.ActiveCfg = Debug|x64
		{327AC3CA-DDCB-4D8F-90BD-F44ED2AF2A1A}.Debug|x64.Build.0 = Debug|x64
		{327AC3CA-DDCB-4D8F-90BD-F44ED2AF2A1A}.Debug|x86.ActiveCfg = Debug|Win32
		{327AC3CA-DDCB-4D8F-90BD-F44ED2AF2A1A}.Debug|x86.Build.0 = Debug|Win32
		{327AC3CA-DDCB-4D8F-90BD-F44ED2AF2A1A}.Release|x64.ActiveCfg = Release|x64
		{327AC3CA-DDCB-4D8F-90BD-F44ED2AF2A1A}.Release|x64.Build.0 = Release|x64
		{327AC3CA-DDCB-4D8F-90BD-F44ED2AF2A1A}.Release|x86.ActiveCfg = Release|Win32
		{327AC3CA-DDCB-4D8F-90BD-F44ED2AF2A1A}.Release|x86.Build.0 = Release|Win32
		{06DCBBA9-CD76-45AF-88EA-9262774EDB61}.Debug|x64.ActiveCfg = Debug|x64
		{06DCBBA9-CD76-45AF-88EA-9262774EDB61}.Debug|x64.Build.0 = Debug|x64
		{06DCBBA9-CD76-45AF-88EA-9262774EDB61}.Debug|x86.ActiveCfg = Debug|Win32
		{06DCBBA9-CD76-45AF-88EA-9262774EDB61}.Debug|x86.Build.0 = Debug|Win32
		{06DCBBA9-CD76-45AF-88EA-9262774EDB61}.Release|x64.ActiveCfg = Release|x64
		{06DCBBA9-CD76-45AF-88EA-9262774EDB61}.Release|x64.Build.0 = Release|x64
		{06DCBBA9-CD76-45AF-88EA-9262774EDB61}.Release|x86.ActiveCfg = Release|Win32
		{06DCBBA9-CD76-45AF-88EA-9262774EDB61}.Release|x86.Build.0 = Release|Win32
		{1A441BBA-0D44-4DC4-B977-C44B6079C9EF}.Debug|x64.ActiveCfg = Debug|x64
		{1A441BBA-0D44-4DC4-B977-C44B6079C9EF}.Debug|x64.Build.0 = Debug|x64
		{1A441BBA-0D44-4DC4-B977-C44B6079C9EF}.Debug|x86.ActiveCfg = Debug|Win32
		{1A441BBA-0D44-4DC4-B977-C44B6079C9EF}.Debug|x86.Build.0 = Debug|Win32
		{1A441BBA-0D44-4DC4-B977-C44B6079C9EF}.Release|x64.ActiveCfg = Release|x64
		{1A441BBA-0D44-4DC4-B977-C44B6079C9EF}.Release|x64.Build.0 = Release|x64
		{1A441BBA-0D44-4DC4-B977-C44B6079C9EF}.Release|x86.ActiveCfg = Release|Win32
		{1A441BBA-0D44-4DC4-B977-C44B6079C9EF}.Release|x86.Build.0 = Release|Win32
		{97985455-0200-4847-9869-F923AFFF3E25}.Debug|x64.ActiveCfg = Debug|x64
		{97985455-0200-4847-9869-F923AFFF3E25}.Debug|x64.Build.0 = Debug|x64
		{97985455-0200-4847-9869-F923AFFF3E25}.Debug|x86.ActiveCfg = Debug|Win32
		{97985455-0200-4847-9869-F923AFFF3E25}.Debug|x86.Build.0 = Debug|Win32
		{97985455-0200-4847-9869-F923AFFF3E25}.Release|x64.ActiveCfg = Release|x64
		{97985455-0200-4847-9869-F923AFFF3E25}.Release|x64.Build.0 = Release|x64
		{97985455-0200-4847-9869-F923AFFF3E25}.Release|x86.ActiveCfg = Release|Win32
		{97985455-0200-4847-9869-F923AFFF3E25}.Release|x86.Build.0 = Release|Win32
		{588048A2-38AE-4078-BCC7-E586289E54C1}.Debug|x64.ActiveCfg = Debug|x64
		{588048A2-38AE-4078-BCC7-E586289E54C1}.Debug|x64.Build.0 = Debug|x64
		{588048A2-38AE-4078-BCC7-E586289E54C1}.Debug|x86.ActiveCfg = Debug|Win32
		{588048A2-38AE-4078-BCC7-E586289E54C1}.Debug|x86.Build.0 = Debug|Win32
		{588048A2-38AE-4078-BCC7-E586289E54C1}.Release|x64.ActiveCfg = Release|x64
		{588048A2-38AE-4078-BCC7-E586289E54C1}.Release|x64.Build.0 = Release|x64
		{588048A2-38AE-4078-BCC7-E586289E54C1}.Release|x86.ActiveCfg = Release|Win32
		{588048A2-38AE-4078-BCC7-E586289E54C1}.Release|x86.Build.0 = Release|Win32
		{31BAB746-899F-4D66-B436-67ABD97C4003}.Debug|x64.ActiveCfg = Debug|x64
		{31BAB746-899F-4D66-B436-67ABD97C4003}.Debug|x64.Build.0 = Debug|x64
		{31BAB746-899F-4D66-B436-67ABD97C4003}.Debug|x86.ActiveCfg = Debug|Win32
		{31BAB746-899F-4D66-B436-67ABD97C4003}.Debug|x86.Build.0 = Debug|Win32
		{31BAB746-899F-4D66-B436-67ABD97C4003}.Release|x64.ActiveCfg = Release|x64
		{31BAB746-899F-4D66-B436-67ABD97C4003}.Release|x64.Build.0 = Release|x64
		{31BAB746-899F-4D66-B436-67ABD97C4003}.Release|x86.ActiveCfg = Release|Win32
		{31BAB746-899F-4D66-B436-67ABD97C4003}.Release|x86.Build.0 = Release|Win32
		{DE73DBBF-5C54-4CA3-BE2D-BBCE1382268E}.Debug|x64.ActiveCfg = Debug|x64
		{DE73DBBF-5C54-4CA3-BE2D-BBCE1382268E}.Debug|x64.Build.0 = Debug|x64
		{DE73DBBF-5C54-4CA3-BE2D-BBCE1382268E}.Debug|x86.ActiveCfg = Debug|Win32
		{DE73DBBF-5C54-4CA3-BE2D-BBCE1382268E}.Debug|x86.Build.0 = Debug|Win32
		{DE73DBBF-5C54-4CA3-BE2D-BBCE1382268E}.Release|x64.ActiveCfg = Release|x64
		{DE73DBBF-5C54-4CA3-BE2D-BBCE1382268E}.Release|x64.Build.0 = Release|x64
		{DE73DBBF-5C54-4CA3-BE2D-BBCE1382268E}.Release|x86.ActiveCfg = Release|Win32
		{DE73DBBF-5C54-4CA3-BE2D-BBCE1382268E}.Release|x86.Build.0 = Release|Win32
	EndGlobalSection
	GlobalSection(SolutionProperties) = preSolution
		HideSolutionNode = FALSE
	EndGlobalSection
	GlobalSection(ExtensibilityGlobals) = postSolution
		SolutionGuid = {BBD065BE-09BB-4BC8-9B3D-9C79241DB32D}
	EndGlobalSection
EndGlobal
