
Microsoft Visual Studio Solution File, Format Version 12.00
# Visual Studio Version 16
VisualStudioVersion = 16.0.31727.386
MinimumVisualStudioVersion = 10.0.40219.1
Project("{8BC9CEB8-8B4A-11D0-8D11-00A0C91BC942}") = "Zadatak1_Gr1", "Zadatak1_Gr1\Zadatak1_Gr1.vcxproj", "{50BE7EB1-833A-49D2-AD85-822C55D2AF39}"
EndProject
Project("{8BC9CEB8-8B4A-11D0-8D11-00A0C91BC942}") = "Zadatak1_Gr2", "Zadatak1_Gr2\Zadatak1_Gr2.vcxproj", "{3088FA9B-7F4A-421B-A410-15CB57FC0684}"
EndProject
Project("{8BC9CEB8-8B4A-11D0-8D11-00A0C91BC942}") = "Zadatak2_Gr1", "Zadatak2_Gr1\Zadatak2_Gr1.vcxproj", "{F3078A03-4E72-4D0C-AB6B-80D0EE345D98}"
EndProject
Project("{8BC9CEB8-8B4A-11D0-8D11-00A0C91BC942}") = "Zadatak2_Gr2", "Zadatak2_Gr2\Zadatak2_Gr2.vcxproj", "{9946CF36-CDBB-481C-846B-3919F0931C5E}"
EndProject
Global
	GlobalSection(SolutionConfigurationPlatforms) = preSolution
		Debug|x64 = Debug|x64
		Debug|x86 = Debug|x86
		Release|x64 = Release|x64
		Release|x86 = Release|x86
	EndGlobalSection
	GlobalSection(ProjectConfigurationPlatforms) = postSolution
		{50BE7EB1-833A-49D2-AD85-822C55D2AF39}.Debug|x64.ActiveCfg = Debug|x64
		{50BE7EB1-833A-49D2-AD85-822C55D2AF39}.Debug|x64.Build.0 = Debug|x64
		{50BE7EB1-833A-49D2-AD85-822C55D2AF39}.Debug|x86.ActiveCfg = Debug|Win32
		{50BE7EB1-833A-49D2-AD85-822C55D2AF39}.Debug|x86.Build.0 = Debug|Win32
		{50BE7EB1-833A-49D2-AD85-822C55D2AF39}.Release|x64.ActiveCfg = Release|x64
		{50BE7EB1-833A-49D2-AD85-822C55D2AF39}.Release|x64.Build.0 = Release|x64
		{50BE7EB1-833A-49D2-AD85-822C55D2AF39}.Release|x86.ActiveCfg = Release|Win32
		{50BE7EB1-833A-49D2-AD85-822C55D2AF39}.Release|x86.Build.0 = Release|Win32
		{3088FA9B-7F4A-421B-A410-15CB57FC0684}.Debug|x64.ActiveCfg = Debug|x64
		{3088FA9B-7F4A-421B-A410-15CB57FC0684}.Debug|x64.Build.0 = Debug|x64
		{3088FA9B-7F4A-421B-A410-15CB57FC0684}.Debug|x86.ActiveCfg = Debug|Win32
		{3088FA9B-7F4A-421B-A410-15CB57FC0684}.Debug|x86.Build.0 = Debug|Win32
		{3088FA9B-7F4A-421B-A410-15CB57FC0684}.Release|x64.ActiveCfg = Release|x64
		{3088FA9B-7F4A-421B-A410-15CB57FC0684}.Release|x64.Build.0 = Release|x64
		{3088FA9B-7F4A-421B-A410-15CB57FC0684}.Release|x86.ActiveCfg = Release|Win32
		{3088FA9B-7F4A-421B-A410-15CB57FC0684}.Release|x86.Build.0 = Release|Win32
		{F3078A03-4E72-4D0C-AB6B-80D0EE345D98}.Debug|x64.ActiveCfg = Debug|x64
		{F3078A03-4E72-4D0C-AB6B-80D0EE345D98}.Debug|x64.Build.0 = Debug|x64
		{F3078A03-4E72-4D0C-AB6B-80D0EE345D98}.Debug|x86.ActiveCfg = Debug|Win32
		{F3078A03-4E72-4D0C-AB6B-80D0EE345D98}.Debug|x86.Build.0 = Debug|Win32
		{F3078A03-4E72-4D0C-AB6B-80D0EE345D98}.Release|x64.ActiveCfg = Release|x64
		{F3078A03-4E72-4D0C-AB6B-80D0EE345D98}.Release|x64.Build.0 = Release|x64
		{F3078A03-4E72-4D0C-AB6B-80D0EE345D98}.Release|x86.ActiveCfg = Release|Win32
		{F3078A03-4E72-4D0C-AB6B-80D0EE345D98}.Release|x86.Build.0 = Release|Win32
		{9946CF36-CDBB-481C-846B-3919F0931C5E}.Debug|x64.ActiveCfg = Debug|x64
		{9946CF36-CDBB-481C-846B-3919F0931C5E}.Debug|x64.Build.0 = Debug|x64
		{9946CF36-CDBB-481C-846B-3919F0931C5E}.Debug|x86.ActiveCfg = Debug|Win32
		{9946CF36-CDBB-481C-846B-3919F0931C5E}.Debug|x86.Build.0 = Debug|Win32
		{9946CF36-CDBB-481C-846B-3919F0931C5E}.Release|x64.ActiveCfg = Release|x64
		{9946CF36-CDBB-481C-846B-3919F0931C5E}.Release|x64.Build.0 = Release|x64
		{9946CF36-CDBB-481C-846B-3919F0931C5E}.Release|x86.ActiveCfg = Release|Win32
		{9946CF36-CDBB-481C-846B-3919F0931C5E}.Release|x86.Build.0 = Release|Win32
	EndGlobalSection
	GlobalSection(SolutionProperties) = preSolution
		HideSolutionNode = FALSE
	EndGlobalSection
	GlobalSection(ExtensibilityGlobals) = postSolution
		SolutionGuid = {9B0B2A62-2804-4C2B-BF0F-E93677F469D2}
	EndGlobalSection
EndGlobal
